
Microsoft Visual Studio Solution File, Format Version 12.00
# Visual Studio Version 17
VisualStudioVersion = 17.0.32014.148
MinimumVisualStudioVersion = 10.0.40219.1
Project("{FAE04EC0-301F-11D3-BF4B-00C04F79EFBC}") = "PolymorphicDataBindingExample", "PolymorphicDataBindingExample\PolymorphicDataBindingExample.csproj", "{242452D1-9734-4D1A-86FA-5E62C07A8071}"
EndProject
Global
	GlobalSection(SolutionConfigurationPlatforms) = preSolution
		Debug|Any CPU = Debug|Any CPU
		Release|Any CPU = Release|Any CPU
	EndGlobalSection
	GlobalSection(ProjectConfigurationPlatforms) = postSolution
		{242452D1-9734-4D1A-86FA-5E62C07A8071}.Debug|Any CPU.ActiveCfg = Debug|Any CPU
		{242452D1-9734-4D1A-86FA-5E62C07A8071}.Debug|Any CPU.Build.0 = Debug|Any CPU
		{242452D1-9734-4D1A-86FA-5E62C07A8071}.Release|Any CPU.ActiveCfg = Release|Any CPU
		{242452D1-9734-4D1A-86FA-5E62C07A8071}.Release|Any CPU.Build.0 = Release|Any CPU
	EndGlobalSection
	GlobalSection(SolutionProperties) = preSolution
		HideSolutionNode = FALSE
	EndGlobalSection
	GlobalSection(ExtensibilityGlobals) = postSolution
		SolutionGuid = {8A4D862B-3B29-43F4-B722-9FFCEF46DFD5}
	EndGlobalSection
EndGlobal
